
Microsoft Visual Studio Solution File, Format Version 12.00
# Visual Studio Version 17
VisualStudioVersion = 17.4.33110.190
MinimumVisualStudioVersion = 10.0.40219.1
Project("{FAE04EC0-301F-11D3-BF4B-00C04F79EFBC}") = "WpfCalc", "WpfCalc\WpfCalc.csproj", "{FE15BCBD-8992-4A38-A616-544C219196F9}"
EndProject
Global
	GlobalSection(SolutionConfigurationPlatforms) = preSolution
		Debug|Any CPU = Debug|Any CPU
		Release|Any CPU = Release|Any CPU
	EndGlobalSection
	GlobalSection(ProjectConfigurationPlatforms) = postSolution
		{FE15BCBD-8992-4A38-A616-544C219196F9}.Debug|Any CPU.ActiveCfg = Debug|Any CPU
		{FE15BCBD-8992-4A38-A616-544C219196F9}.Debug|Any CPU.Build.0 = Debug|Any CPU
		{FE15BCBD-8992-4A38-A616-544C219196F9}.Release|Any CPU.ActiveCfg = Release|Any CPU
		{FE15BCBD-8992-4A38-A616-544C219196F9}.Release|Any CPU.Build.0 = Release|Any CPU
	EndGlobalSection
	GlobalSection(SolutionProperties) = preSolution
		HideSolutionNode = FALSE
	EndGlobalSection
	GlobalSection(ExtensibilityGlobals) = postSolution
		SolutionGuid = {DE2DF96E-F2A1-431A-B622-AE7B2D5520C3}
	EndGlobalSection
EndGlobal
